<?xml version="1.0" encoding="utf-8"?>
<Project ToolsVersion="4.0" xmlns="http://schemas.microsoft.com/developer/msbuild/2003">
  <ItemGroup>
    <Filter Include="win32">
      <UniqueIdentifier>{84a8ebd7-7cf0-47f6-b75e-d441df67da40}</UniqueIdentifier>
    </Filter>
    <Filter Include="Classes">
      <UniqueIdentifier>{bb6c862e-70e9-49d9-81b7-3829a6f50471}</UniqueIdentifier>
    </Filter>
    <Filter Include="resource">
      <UniqueIdentifier>{715254bc-d70b-4ec5-bf29-467dd3ace079}</UniqueIdentifier>
    </Filter>
    <Filter Include="Classes\对象">
      <UniqueIdentifier>{6af7b40f-5250-4f2a-95f0-c8586465142c}</UniqueIdentifier>
    </Filter>
    <Filter Include="Classes\地图">
      <UniqueIdentifier>{ff9cbd72-66e1-4f61-b9fd-cba887d549e4}</UniqueIdentifier>
    </Filter>
  </ItemGroup>
  <ItemGroup>
    <ClCompile Include="main.cpp">
      <Filter>win32</Filter>
    </ClCompile>
    <ClCompile Include="..\Classes\AppDelegate.cpp">
      <Filter>Classes</Filter>
    </ClCompile>
    <ClCompile Include="..\Classes\HelloWorldScene.cpp">
      <Filter>Classes</Filter>
    </ClCompile>
    <ClCompile Include="..\Classes\GameMainScene.cpp">
      <Filter>Classes</Filter>
    </ClCompile>
    <ClCompile Include="..\Classes\Joystick.cpp">
      <Filter>Classes</Filter>
    </ClCompile>
    <ClCompile Include="..\Classes\obj\Player.cpp">
      <Filter>Classes\对象</Filter>
    </ClCompile>
    <ClCompile Include="..\Classes\map\MapLayer.cpp" />
  </ItemGroup>
  <ItemGroup>
    <ClInclude Include="main.h">
      <Filter>win32</Filter>
    </ClInclude>
    <ClInclude Include="..\Classes\AppDelegate.h">
      <Filter>Classes</Filter>
    </ClInclude>
    <ClInclude Include="..\Classes\HelloWorldScene.h">
      <Filter>Classes</Filter>
    </ClInclude>
    <ClInclude Include="..\Classes\GameMainScene.h">
      <Filter>Classes</Filter>
    </ClInclude>
    <ClInclude Include="..\Classes\Joystick.h">
      <Filter>Classes</Filter>
    </ClInclude>
    <ClInclude Include="..\Classes\obj\GameObjDef.h">
      <Filter>Classes\对象</Filter>
    </ClInclude>
    <ClInclude Include="..\Classes\obj\Player.h">
      <Filter>Classes\对象</Filter>
    </ClInclude>
    <ClInclude Include="..\Classes\map\MapLayer.h" />
  </ItemGroup>
  <ItemGroup>
    <ResourceCompile Include="game.rc">
      <Filter>resource</Filter>
    </ResourceCompile>
  </ItemGroup>
</Project>